
Microsoft Visual Studio Solution File, Format Version 12.00
# Visual Studio Version 17
VisualStudioVersion = 17.4.33213.308
MinimumVisualStudioVersion = 10.0.40219.1
Project("{FAE04EC0-301F-11D3-BF4B-00C04F79EFBC}") = "ValidateTextBox.Server", "Server\ValidateTextBox.Server.csproj", "{5CFE4914-BDEE-452A-90A3-123666DADD54}"
EndProject
Project("{FAE04EC0-301F-11D3-BF4B-00C04F79EFBC}") = "ValidateTextBox.Client", "Client\ValidateTextBox.Client.csproj", "{272980FE-47CE-453D-9CD7-A482BAF8F323}"
EndProject
Project("{FAE04EC0-301F-11D3-BF4B-00C04F79EFBC}") = "ValidateTextBox.Shared", "Shared\ValidateTextBox.Shared.csproj", "{228E5E1B-E4E6-4201-A372-35F2D2877D95}"
EndProject
Global
	GlobalSection(SolutionConfigurationPlatforms) = preSolution
		Debug|Any CPU = Debug|Any CPU
		Release|Any CPU = Release|Any CPU
	EndGlobalSection
	GlobalSection(ProjectConfigurationPlatforms) = postSolution
		{5CFE4914-BDEE-452A-90A3-123666DADD54}.Debug|Any CPU.ActiveCfg = Debug|Any CPU
		{5CFE4914-BDEE-452A-90A3-123666DADD54}.Debug|Any CPU.Build.0 = Debug|Any CPU
		{5CFE4914-BDEE-452A-90A3-123666DADD54}.Release|Any CPU.ActiveCfg = Release|Any CPU
		{5CFE4914-BDEE-452A-90A3-123666DADD54}.Release|Any CPU.Build.0 = Release|Any CPU
		{272980FE-47CE-453D-9CD7-A482BAF8F323}.Debug|Any CPU.ActiveCfg = Debug|Any CPU
		{272980FE-47CE-453D-9CD7-A482BAF8F323}.Debug|Any CPU.Build.0 = Debug|Any CPU
		{272980FE-47CE-453D-9CD7-A482BAF8F323}.Release|Any CPU.ActiveCfg = Release|Any CPU
		{272980FE-47CE-453D-9CD7-A482BAF8F323}.Release|Any CPU.Build.0 = Release|Any CPU
		{228E5E1B-E4E6-4201-A372-35F2D2877D95}.Debug|Any CPU.ActiveCfg = Debug|Any CPU
		{228E5E1B-E4E6-4201-A372-35F2D2877D95}.Debug|Any CPU.Build.0 = Debug|Any CPU
		{228E5E1B-E4E6-4201-A372-35F2D2877D95}.Release|Any CPU.ActiveCfg = Release|Any CPU
		{228E5E1B-E4E6-4201-A372-35F2D2877D95}.Release|Any CPU.Build.0 = Release|Any CPU
	EndGlobalSection
	GlobalSection(SolutionProperties) = preSolution
		HideSolutionNode = FALSE
	EndGlobalSection
	GlobalSection(ExtensibilityGlobals) = postSolution
		SolutionGuid = {64F36EC7-8FEB-4C9F-83E9-C4B9F774F0B4}
	EndGlobalSection
EndGlobal
